
Microsoft Visual Studio Solution File, Format Version 12.00
# Visual Studio Version 17
VisualStudioVersion = 17.9.34607.119
MinimumVisualStudioVersion = 10.0.40219.1
Project("{9A19103F-16F7-4668-BE54-9A1E7A4F7556}") = "LotteryChecker.Core", "LotteryChecker.Core\LotteryChecker.Core.csproj", "{EF0D51C5-F223-4311-926A-7C47700BFBA3}"
EndProject
Project("{9A19103F-16F7-4668-BE54-9A1E7A4F7556}") = "LotteryChecker.API", "LotteryChecker.API\LotteryChecker.API.csproj", "{D12E8E57-78C0-48B9-91DC-1F8DCA6EDDED}"
EndProject
Project("{9A19103F-16F7-4668-BE54-9A1E7A4F7556}") = "LotteryChecker.MVC", "LotteryChecker.MVC\LotteryChecker.MVC.csproj", "{1E3DDE3A-6ABD-4C84-99B3-32E57CC69BAF}"
EndProject
Project("{FAE04EC0-301F-11D3-BF4B-00C04F79EFBC}") = "LotteryChecker.Common", "LotteryChecker.Common\LotteryChecker.Common.csproj", "{3C288F43-7DEA-4726-B89E-4FE535B1869E}"
EndProject
Global
	GlobalSection(SolutionConfigurationPlatforms) = preSolution
		Debug|Any CPU = Debug|Any CPU
		Release|Any CPU = Release|Any CPU
	EndGlobalSection
	GlobalSection(ProjectConfigurationPlatforms) = postSolution
		{EF0D51C5-F223-4311-926A-7C47700BFBA3}.Debug|Any CPU.ActiveCfg = Debug|Any CPU
		{EF0D51C5-F223-4311-926A-7C47700BFBA3}.Debug|Any CPU.Build.0 = Debug|Any CPU
		{EF0D51C5-F223-4311-926A-7C47700BFBA3}.Release|Any CPU.ActiveCfg = Release|Any CPU
		{EF0D51C5-F223-4311-926A-7C47700BFBA3}.Release|Any CPU.Build.0 = Release|Any CPU
		{D12E8E57-78C0-48B9-91DC-1F8DCA6EDDED}.Debug|Any CPU.ActiveCfg = Debug|Any CPU
		{D12E8E57-78C0-48B9-91DC-1F8DCA6EDDED}.Debug|Any CPU.Build.0 = Debug|Any CPU
		{D12E8E57-78C0-48B9-91DC-1F8DCA6EDDED}.Release|Any CPU.ActiveCfg = Release|Any CPU
		{D12E8E57-78C0-48B9-91DC-1F8DCA6EDDED}.Release|Any CPU.Build.0 = Release|Any CPU
		{1E3DDE3A-6ABD-4C84-99B3-32E57CC69BAF}.Debug|Any CPU.ActiveCfg = Debug|Any CPU
		{1E3DDE3A-6ABD-4C84-99B3-32E57CC69BAF}.Debug|Any CPU.Build.0 = Debug|Any CPU
		{1E3DDE3A-6ABD-4C84-99B3-32E57CC69BAF}.Release|Any CPU.ActiveCfg = Release|Any CPU
		{1E3DDE3A-6ABD-4C84-99B3-32E57CC69BAF}.Release|Any CPU.Build.0 = Release|Any CPU
		{3C288F43-7DEA-4726-B89E-4FE535B1869E}.Debug|Any CPU.ActiveCfg = Debug|Any CPU
		{3C288F43-7DEA-4726-B89E-4FE535B1869E}.Debug|Any CPU.Build.0 = Debug|Any CPU
		{3C288F43-7DEA-4726-B89E-4FE535B1869E}.Release|Any CPU.ActiveCfg = Release|Any CPU
		{3C288F43-7DEA-4726-B89E-4FE535B1869E}.Release|Any CPU.Build.0 = Release|Any CPU
	EndGlobalSection
	GlobalSection(SolutionProperties) = preSolution
		HideSolutionNode = FALSE
	EndGlobalSection
	GlobalSection(ExtensibilityGlobals) = postSolution
		SolutionGuid = {D4E8D1BF-A2AD-41EF-AB3F-9F4138DC19C9}
	EndGlobalSection
EndGlobal
